
Microsoft Visual Studio Solution File, Format Version 12.00
Project("{FAE04EC0-301F-11D3-BF4B-00C04F79EFBC}") = "Library.Api", "Library.Api\Library.Api.csproj", "{59467880-C7EC-4838-AAE7-48D5481EBE13}"
EndProject
Project("{FAE04EC0-301F-11D3-BF4B-00C04F79EFBC}") = "Library.Core", "Library.Core\Library.Core.csproj", "{8FA305C2-228A-4AE8-80FC-7BAC40E08A1F}"
EndProject
Project("{FAE04EC0-301F-11D3-BF4B-00C04F79EFBC}") = "UnitTests", "UnitTests\UnitTests.csproj", "{C0668314-5F25-4F51-A14B-5B9D2F8538B0}"
EndProject
Global
	GlobalSection(SolutionConfigurationPlatforms) = preSolution
		Debug|Any CPU = Debug|Any CPU
		Release|Any CPU = Release|Any CPU
	EndGlobalSection
	GlobalSection(ProjectConfigurationPlatforms) = postSolution
		{59467880-C7EC-4838-AAE7-48D5481EBE13}.Debug|Any CPU.ActiveCfg = Debug|Any CPU
		{59467880-C7EC-4838-AAE7-48D5481EBE13}.Debug|Any CPU.Build.0 = Debug|Any CPU
		{59467880-C7EC-4838-AAE7-48D5481EBE13}.Release|Any CPU.ActiveCfg = Release|Any CPU
		{59467880-C7EC-4838-AAE7-48D5481EBE13}.Release|Any CPU.Build.0 = Release|Any CPU
		{8FA305C2-228A-4AE8-80FC-7BAC40E08A1F}.Debug|Any CPU.ActiveCfg = Debug|Any CPU
		{8FA305C2-228A-4AE8-80FC-7BAC40E08A1F}.Debug|Any CPU.Build.0 = Debug|Any CPU
		{8FA305C2-228A-4AE8-80FC-7BAC40E08A1F}.Release|Any CPU.ActiveCfg = Release|Any CPU
		{8FA305C2-228A-4AE8-80FC-7BAC40E08A1F}.Release|Any CPU.Build.0 = Release|Any CPU
		{C0668314-5F25-4F51-A14B-5B9D2F8538B0}.Debug|Any CPU.ActiveCfg = Debug|Any CPU
		{C0668314-5F25-4F51-A14B-5B9D2F8538B0}.Debug|Any CPU.Build.0 = Debug|Any CPU
		{C0668314-5F25-4F51-A14B-5B9D2F8538B0}.Release|Any CPU.ActiveCfg = Release|Any CPU
		{C0668314-5F25-4F51-A14B-5B9D2F8538B0}.Release|Any CPU.Build.0 = Release|Any CPU
	EndGlobalSection
EndGlobal
